// !$*UTF8*$!
{
	archiveVersion = 1;
	classes = {
	};
	objectVersion = 46;
	objects = {

/* Begin PBXBuildFile section */
		F52364C41EEB0ADC001ACE5C /* AppDelegate.swift in Sources */ = {isa = PBXBuildFile; fileRef = F52364C31EEB0ADC001ACE5C /* AppDelegate.swift */; };
		F52364C61EEB0ADC001ACE5C /* ViewController.swift in Sources */ = {isa = PBXBuildFile; fileRef = F52364C51EEB0ADC001ACE5C /* ViewController.swift */; };
		F52364C91EEB0ADC001ACE5C /* Main.storyboard in Resources */ = {isa = PBXBuildFile; fileRef = F52364C71EEB0ADC001ACE5C /* Main.storyboard */; };
		F52364CB1EEB0ADC001ACE5C /* Assets.xcassets in Resources */ = {isa = PBXBuildFile; fileRef = F52364CA1EEB0ADC001ACE5C /* Assets.xcassets */; };
		F52364CE1EEB0ADC001ACE5C /* LaunchScreen.storyboard in Resources */ = {isa = PBXBuildFile; fileRef = F52364CC1EEB0ADC001ACE5C /* LaunchScreen.storyboard */; };
/* End PBXBuildFile section */

/* Begin PBXFileReference section */
		F52364C01EEB0ADC001ACE5C /* WeatherTest.app */ = {isa = PBXFileReference; explicitFileType = wrapper.application; includeInIndex = 0; path = WeatherTest.app; sourceTree = BUILT_PRODUCTS_DIR; };
		F52364C31EEB0ADC001ACE5C /* AppDelegate.swift */ = {isa = PBXFileReference; lastKnownFileType = sourcecode.swift; path = AppDelegate.swift; sourceTree = "<group>"; };
		F52364C51EEB0ADC001ACE5C /* ViewController.swift */ = {isa = PBXFileReference; lastKnownFileType = sourcecode.swift; path = ViewController.swift; sourceTree = "<group>"; };
		F52364C81EEB0ADC001ACE5C /* Base */ = {isa = PBXFileReference; lastKnownFileType = file.storyboard; name = Base; path = Base.lproj/Main.storyboard; sourceTree = "<group>"; };
		F52364CA1EEB0ADC001ACE5C /* Assets.xcassets */ = {isa = PBXFileReference; lastKnownFileType = folder.assetcatalog; path = Assets.xcassets; sourceTree = "<group>"; };
		F52364CD1EEB0ADC001ACE5C /* Base */ = {isa = PBXFileReference; lastKnownFileType = file.storyboard; name = Base; path = Base.lproj/LaunchScreen.storyboard; sourceTree = "<group>"; };
		F52364CF1EEB0ADC001ACE5C /* Info.plist */ = {isa = PBXFileReference; lastKnownFileType = text.plist.xml; path = Info.plist; sourceTree = "<group>"; };
/* End PBXFileReference section */

/* Begin PBXFrameworksBuildPhase section */
		F52364BD1EEB0ADC001ACE5C /* Frameworks */ = {
			isa = PBXFrameworksBuildPhase;
			buildActionMask = 2147483647;
			files = (
			);
			runOnlyForDeploymentPostprocessing = 0;
		};
/* End PBXFrameworksBuildPhase section */

/* Begin PBXGroup section */
		F52364B71EEB0ADC001ACE5C = {
			isa = PBXGroup;
			children = (
				F52364C21EEB0ADC001ACE5C /* WeatherTest */,
				F52364C11EEB0ADC001ACE5C /* Products */,
			);
			sourceTree = "<group>";
		};
		F52364C11EEB0ADC001ACE5C /* Products */ = {
			isa = PBXGroup;
			children = (
				F52364C01EEB0ADC001ACE5C /* WeatherTest.app */,
			);
			name = Products;
			sourceTree = "<group>";
		};
		F52364C21EEB0ADC001ACE5C /* WeatherTest */ = {
			isa = PBXGroup;
			children = (
				F52364C31EEB0ADC001ACE5C /* AppDelegate.swift */,
				F52364C51EEB0ADC001ACE5C /* ViewController.swift */,
				F52364C71EEB0ADC001ACE5C /* Main.storyboard */,
				F52364CA1EEB0ADC001ACE5C /* Assets.xcassets */,
				F52364CC1EEB0ADC001ACE5C /* LaunchScreen.storyboard */,
				F52364CF1EEB0ADC001ACE5C /* Info.plist */,
			);
			path = WeatherTest;
			sourceTree = "<group>";
		};
/* End PBXGroup section */

/* Begin PBXNativeTarget section */
		F52364BF1EEB0ADC001ACE5C /* WeatherTest */ = {
			isa = PBXNativeTarget;
			buildConfigurationList = F52364D21EEB0ADC001ACE5C /* Build configuration list for PBXNativeTarget "WeatherTest" */;
			buildPhases = (
				F52364BC1EEB0ADC001ACE5C /* Sources */,
				F52364BD1EEB0ADC001ACE5C /* Frameworks */,
				F52364BE1EEB0ADC001ACE5C /* Resources */,
			);
			buildRules = (
			);
			dependencies = (
			);
			name = WeatherTest;
			productName = WeatherTest;
			productReference = F52364C01EEB0ADC001ACE5C /* WeatherTest.app */;
			productType = "com.apple.product-type.application";
		};
/* End PBXNativeTarget section */

/* Begin PBXProject section */
		F52364B81EEB0ADC001ACE5C /* Project object */ = {
			isa = PBXProject;
			attributes = {
				LastSwiftUpdateCheck = 0830;
				LastUpgradeCheck = 0830;
				ORGANIZATIONNAME = vik;
				TargetAttributes = {
					F52364BF1EEB0ADC001ACE5C = {
						CreatedOnToolsVersion = 8.3.2;
						DevelopmentTeam = 3DJPBY6593;
						ProvisioningStyle = Automatic;
					};
				};
			};
			buildConfigurationList = F52364BB1EEB0ADC001ACE5C /* Build configuration list for PBXProject "WeatherTest" */;
			compatibilityVersion = "Xcode 3.2";
			developmentRegion = English;
			hasScannedForEncodings = 0;
			knownRegions = (
				en,
				Base,
			);
			mainGroup = F52364B71EEB0ADC001ACE5C;
			productRefGroup = F52364C11EEB0ADC001ACE5C /* Products */;
			projectDirPath = "";
			projectRoot = "";
			targets = (
				F52364BF1EEB0ADC001ACE5C /* WeatherTest */,
			);
		};
/* End PBXProject section */

/* Begin PBXResourcesBuildPhase section */
		F52364BE1EEB0ADC001ACE5C /* Resources */ = {
			isa = PBXResourcesBuildPhase;
			buildActionMask = 2147483647;
			files = (
				F52364CE1EEB0ADC001ACE5C /* LaunchScreen.storyboard in Resources */,
				F52364CB1EEB0ADC001ACE5C /* Assets.xcassets in Resources */,
				F52364C91EEB0ADC001ACE5C /* Main.storyboard in Resources */,
			);
			runOnlyForDeploymentPostprocessing = 0;
		};
/* End PBXResourcesBuildPhase section */

/* Begin PBXSourcesBuildPhase section */
		F52364BC1EEB0ADC001ACE5C /* Sources */ = {
			isa = PBXSourcesBuildPhase;
			buildActionMask = 2147483647;
			files = (
				F52364C61EEB0ADC001ACE5C /* ViewController.swift in Sources */,
				F52364C41EEB0ADC001ACE5C /* AppDelegate.swift in Sources */,
			);
			runOnlyForDeploymentPostprocessing = 0;
		};
/* End PBXSourcesBuildPhase section */

/* Begin PBXVariantGroup section */
		F52364C71EEB0ADC001ACE5C /* Main.storyboard */ = {
			isa = PBXVariantGroup;
			children = (
				F52364C81EEB0ADC001ACE5C /* Base */,
			);
			name = Main.storyboard;
			sourceTree = "<group>";
		};
		F52364CC1EEB0ADC001ACE5C /* LaunchScreen.storyboard */ = {
			isa = PBXVariantGroup;
			children = (
				F52364CD1EEB0ADC001ACE5C /* Base */,
			);
			name = LaunchScreen.storyboard;
			sourceTree = "<group>";
		};
/* End PBXVariantGroup section */

/* Begin XCBuildConfiguration section */
		F52364D01EEB0ADC001ACE5C /* Debug */ = {
			isa = XCBuildConfiguration;
			buildSettings = {
				ALWAYS_SEARCH_USER_PATHS = NO;
				CLANG_ANALYZER_NONNULL = YES;
				CLANG_ANALYZER_NUMBER_OBJECT_CONVERSION = YES_AGGRESSIVE;
				CLANG_CXX_LANGUAGE_STANDARD = "gnu++0x";
				CLANG_CXX_LIBRARY = "libc++";
				CLANG_ENABLE_MODULES = YES;
				CLANG_ENABLE_OBJC_ARC = YES;
				CLANG_WARN_BOOL_CONVERSION = YES;
				CLANG_WARN_CONSTANT_CONVERSION = YES;
				CLANG_WARN_DIRECT_OBJC_ISA_USAGE = YES_ERROR;
				CLANG_WARN_DOCUMENTATION_COMMENTS = YES;
				CLANG_WARN_EMPTY_BODY = YES;
				CLANG_WARN_ENUM_CONVERSION = YES;
				CLANG_WARN_INFINITE_RECURSION = YES;
				CLANG_WARN_INT_CONVERSION = YES;
				CLANG_WARN_OBJC_ROOT_CLASS = YES_ERROR;
				CLANG_WARN_SUSPICIOUS_MOVE = YES;
				CLANG_WARN_UNREACHABLE_CODE = YES;
				CLANG_WARN__DUPLICATE_METHOD_MATCH = YES;
				"CODE_SIGN_IDENTITY[sdk=iphoneos*]" = "iPhone Developer";
				COPY_PHASE_STRIP = NO;
				DEBUG_INFORMATION_FORMAT = dwarf;
				ENABLE_STRICT_OBJC_MSGSEND = YES;
				ENABLE_TESTABILITY = YES;
				GCC_C_LANGUAGE_STANDARD = gnu99;
				GCC_DYNAMIC_NO_PIC = NO;
				GCC_NO_COMMON_BLOCKS = YES;
				GCC_OPTIMIZATION_LEVEL = 0;
				GCC_PREPROCESSOR_DEFINITIONS = (
					"DEBUG=1",
					"$(inherited)",
				);
				GCC_WARN_64_TO_32_BIT_CONVERSION = YES;
				GCC_WARN_ABOUT_RETURN_TYPE = YES_ERROR;
				GCC_WARN_UNDECLARED_SELECTOR = YES;
				GCC_WARN_UNINITIALIZED_AUTOS = YES_AGGRESSIVE;
				GCC_WARN_UNUSED_FUNCTION = YES;
				GCC_WARN_UNUSED_VARIABLE = YES;
				IPHONEOS_DEPLOYMENT_TARGET = 10.3;
				MTL_ENABLE_DEBUG_INFO = YES;
				ONLY_ACTIVE_ARCH = YES;
				SDKROOT = iphoneos;
				SWIFT_ACTIVE_COMPILATION_CONDITIONS = DEBUG;
				SWIFT_OPTIMIZATION_LEVEL = "-Onone";
			};
			name = Debug;
		};
		F52364D11EEB0ADC001ACE5C /* Release */ = {
			isa = XCBuildConfiguration;
			buildSettings = {
				ALWAYS_SEARCH_USER_PATHS = NO;
				CLANG_ANALYZER_NONNULL = YES;
				CLANG_ANALYZER_NUMBER_OBJECT_CONVERSION = YES_AGGRESSIVE;
				CLANG_CXX_LANGUAGE_STANDARD = "gnu++0x";
				CLANG_CXX_LIBRARY = "libc++";
				CLANG_ENABLE_MODULES = YES;
				CLANG_ENABLE_OBJC_ARC = YES;
				CLANG_WARN_BOOL_CONVERSION = YES;
				CLANG_WARN_CONSTANT_CONVERSION = YES;
				CLANG_WARN_DIRECT_OBJC_ISA_USAGE = YES_ERROR;
				CLANG_WARN_DOCUMENTATION_COMMENTS = YES;
				CLANG_WARN_EMPTY_BODY = YES;
				CLANG_WARN_ENUM_CONVERSION = YES;
				CLANG_WARN_INFINITE_RECURSION = YES;
				CLANG_WARN_INT_CONVERSION = YES;
				CLANG_WARN_OBJC_ROOT_CLASS = YES_ERROR;
				CLANG_WARN_SUSPICIOUS_MOVE = YES;
				CLANG_WARN_UNREACHABLE_CODE = YES;
				CLANG_WARN__DUPLICATE_METHOD_MATCH = YES;
				"CODE_SIGN_IDENTITY[sdk=iphoneos*]" = "iPhone Developer";
				COPY_PHASE_STRIP = NO;
				DEBUG_INFORMATION_FORMAT = "dwarf-with-dsym";
				ENABLE_NS_ASSERTIONS = NO;
				ENABLE_STRICT_OBJC_MSGSEND = YES;
				GCC_C_LANGUAGE_STANDARD = gnu99;
				GCC_NO_COMMON_BLOCKS = YES;
				GCC_WARN_64_TO_32_BIT_CONVERSION = YES;
				GCC_WARN_ABOUT_RETURN_TYPE = YES_ERROR;
				GCC_WARN_UNDECLARED_SELECTOR = YES;
				GCC_WARN_UNINITIALIZED_AUTOS = YES_AGGRESSIVE;
				GCC_WARN_UNUSED_FUNCTION = YES;
				GCC_WARN_UNUSED_VARIABLE = YES;
				IPHONEOS_DEPLOYMENT_TARGET = 10.3;
				MTL_ENABLE_DEBUG_INFO = NO;
				SDKROOT = iphoneos;
				SWIFT_OPTIMIZATION_LEVEL = "-Owholemodule";
				VALIDATE_PRODUCT = YES;
			};
			name = Release;
		};
		F52364D31EEB0ADC001ACE5C /* Debug */ = {
			isa = XCBuildConfiguration;
			buildSettings = {
				ASSETCATALOG_COMPILER_APPICON_NAME = AppIcon;
				DEVELOPMENT_TEAM = 3DJPBY6593;
				INFOPLIST_FILE = WeatherTest/Info.plist;
				LD_RUNPATH_SEARCH_PATHS = "$(inherited) @executable_path/Frameworks";
				PRODUCT_BUNDLE_IDENTIFIER = com.vikdenic.WeatherTest;
				PRODUCT_NAME = "$(TARGET_NAME)";
				SWIFT_VERSION = 3.0;
			};
			name = Debug;
		};
		F52364D41EEB0ADC001ACE5C /* Release */ = {
			isa = XCBuildConfiguration;
			buildSettings = {
				ASSETCATALOG_COMPILER_APPICON_NAME = AppIcon;
				DEVELOPMENT_TEAM = 3DJPBY6593;
				INFOPLIST_FILE = WeatherTest/Info.plist;
				LD_RUNPATH_SEARCH_PATHS = "$(inherited) @executable_path/Frameworks";
				PRODUCT_BUNDLE_IDENTIFIER = com.vikdenic.WeatherTest;
				PRODUCT_NAME = "$(TARGET_NAME)";
				SWIFT_VERSION = 3.0;
			};
			name = Release;
		};
/* End XCBuildConfiguration section */

/* Begin XCConfigurationList section */
		F52364BB1EEB0ADC001ACE5C /* Build configuration list for PBXProject "WeatherTest" */ = {
			isa = XCConfigurationList;
			buildConfigurations = (
				F52364D01EEB0ADC001ACE5C /* Debug */,
				F52364D11EEB0ADC001ACE5C /* Release */,
			);
			defaultConfigurationIsVisible = 0;
			defaultConfigurationName = Release;
		};
		F52364D21EEB0ADC001ACE5C /* Build configuration list for PBXNativeTarget "WeatherTest" */ = {
			isa = XCConfigurationList;
			buildConfigurations = (
				F52364D31EEB0ADC001ACE5C /* Debug */,
				F52364D41EEB0ADC001ACE5C /* Release */,
			);
			defaultConfigurationIsVisible = 0;
		};
/* End XCConfigurationList section */
	};
	rootObject = F52364B81EEB0ADC001ACE5C /* Project object */;
}
